
Microsoft Visual Studio Solution File, Format Version 12.00
# Visual Studio Version 16
VisualStudioVersion = 16.0.31729.503
MinimumVisualStudioVersion = 10.0.40219.1
Project("{FAE04EC0-301F-11D3-BF4B-00C04F79EFBC}") = "AnimaisEstimação", "AnimaisEstimação\AnimaisEstimação.csproj", "{D0570218-41FE-4B18-90A3-D52D3755E240}"
EndProject
Global
	GlobalSection(SolutionConfigurationPlatforms) = preSolution
		Debug|Any CPU = Debug|Any CPU
		Release|Any CPU = Release|Any CPU
	EndGlobalSection
	GlobalSection(ProjectConfigurationPlatforms) = postSolution
		{D0570218-41FE-4B18-90A3-D52D3755E240}.Debug|Any CPU.ActiveCfg = Debug|Any CPU
		{D0570218-41FE-4B18-90A3-D52D3755E240}.Debug|Any CPU.Build.0 = Debug|Any CPU
		{D0570218-41FE-4B18-90A3-D52D3755E240}.Release|Any CPU.ActiveCfg = Release|Any CPU
		{D0570218-41FE-4B18-90A3-D52D3755E240}.Release|Any CPU.Build.0 = Release|Any CPU
	EndGlobalSection
	GlobalSection(SolutionProperties) = preSolution
		HideSolutionNode = FALSE
	EndGlobalSection
	GlobalSection(ExtensibilityGlobals) = postSolution
		SolutionGuid = {1DBAD164-8054-4927-8C2D-3500E5A15AD2}
	EndGlobalSection
EndGlobal
